{
  "name": "jempl-playground",
  "lockfileVersion": 3,
  "requires": true,
  "packages": {
    "": {
      "dependencies": {
        "jempl": "^1.0.0-rc2"
      }
    },
    "node_modules/jempl": {
      "version": "1.0.0-rc2",
      "resolved": "https://registry.npmjs.org/jempl/-/jempl-1.0.0-rc2.tgz",
      "integrity": "sha512-xYW/kI6Hc38EKKnsz2QXt45Wy4QiiMRdZJ7qj5TwHS9Xnc0HwAD1ukPhXUxxykViaGUecPmD4X4x34/EOB3e+w==",
      "license": "MIT"
    }
  }
}
